
Microsoft Visual Studio Solution File, Format Version 12.00
# Visual Studio Version 17
VisualStudioVersion = 17.5.33516.290
MinimumVisualStudioVersion = 10.0.40219.1
Project("{FAE04EC0-301F-11D3-BF4B-00C04F79EFBC}") = "ModelLightGBM", "emocje\ModelLightGBM.csproj", "{F1E809C0-80B2-498F-B9F1-6623430ED0BF}"
EndProject
Global
	GlobalSection(SolutionConfigurationPlatforms) = preSolution
		Debug|Any CPU = Debug|Any CPU
		Release|Any CPU = Release|Any CPU
	EndGlobalSection
	GlobalSection(ProjectConfigurationPlatforms) = postSolution
		{F1E809C0-80B2-498F-B9F1-6623430ED0BF}.Debug|Any CPU.ActiveCfg = Debug|Any CPU
		{F1E809C0-80B2-498F-B9F1-6623430ED0BF}.Debug|Any CPU.Build.0 = Debug|Any CPU
		{F1E809C0-80B2-498F-B9F1-6623430ED0BF}.Release|Any CPU.ActiveCfg = Release|Any CPU
		{F1E809C0-80B2-498F-B9F1-6623430ED0BF}.Release|Any CPU.Build.0 = Release|Any CPU
	EndGlobalSection
	GlobalSection(SolutionProperties) = preSolution
		HideSolutionNode = FALSE
	EndGlobalSection
	GlobalSection(ExtensibilityGlobals) = postSolution
		SolutionGuid = {1D1973CF-EA62-4C5B-876C-663A8F57C14A}
	EndGlobalSection
EndGlobal
