
Microsoft Visual Studio Solution File, Format Version 12.00
# Visual Studio Version 17
VisualStudioVersion = 17.14.37328.6
MinimumVisualStudioVersion = 10.0.40219.1
Project("{FAE04EC0-301F-11D3-BF4B-00C04F79EFBC}") = "EmotionAnalyzerConsole", "EmotionAnalyzer\EmotionAnalyzerConsole.csproj", "{0FD85962-7797-4AE1-8902-C1F771E83B17}"
EndProject
Project("{FAE04EC0-301F-11D3-BF4B-00C04F79EFBC}") = "EmotionAnalyzerML", "EmotionAnalyzerML\EmotionAnalyzerML.csproj", "{3AD30562-81EE-46F4-83EA-9CBCF2C0B983}"
EndProject
Project("{FAE04EC0-301F-11D3-BF4B-00C04F79EFBC}") = "EmotionAnalyzerTests", "EmotionAlazyzerTests\EmotionAnalyzerTests.csproj", "{5C12B801-E743-403B-8CC8-D39DA52F93E0}"
EndProject
Project("{FAE04EC0-301F-11D3-BF4B-00C04F79EFBC}") = "EmotionAnalyzerAPI", "EmotionAnalyzerAPI\EmotionAnalyzerAPI.csproj", "{C23164D2-F948-4B33-BC6B-896D9C960EEE}"
EndProject
Global
	GlobalSection(SolutionConfigurationPlatforms) = preSolution
		Debug|Any CPU = Debug|Any CPU
		Release|Any CPU = Release|Any CPU
	EndGlobalSection
	GlobalSection(ProjectConfigurationPlatforms) = postSolution
		{0FD85962-7797-4AE1-8902-C1F771E83B17}.Debug|Any CPU.ActiveCfg = Debug|Any CPU
		{0FD85962-7797-4AE1-8902-C1F771E83B17}.Debug|Any CPU.Build.0 = Debug|Any CPU
		{0FD85962-7797-4AE1-8902-C1F771E83B17}.Release|Any CPU.ActiveCfg = Release|Any CPU
		{0FD85962-7797-4AE1-8902-C1F771E83B17}.Release|Any CPU.Build.0 = Release|Any CPU
		{3AD30562-81EE-46F4-83EA-9CBCF2C0B983}.Debug|Any CPU.ActiveCfg = Debug|Any CPU
		{3AD30562-81EE-46F4-83EA-9CBCF2C0B983}.Debug|Any CPU.Build.0 = Debug|Any CPU
		{3AD30562-81EE-46F4-83EA-9CBCF2C0B983}.Release|Any CPU.ActiveCfg = Release|Any CPU
		{3AD30562-81EE-46F4-83EA-9CBCF2C0B983}.Release|Any CPU.Build.0 = Release|Any CPU
		{5C12B801-E743-403B-8CC8-D39DA52F93E0}.Debug|Any CPU.ActiveCfg = Debug|Any CPU
		{5C12B801-E743-403B-8CC8-D39DA52F93E0}.Debug|Any CPU.Build.0 = Debug|Any CPU
		{5C12B801-E743-403B-8CC8-D39DA52F93E0}.Release|Any CPU.ActiveCfg = Release|Any CPU
		{5C12B801-E743-403B-8CC8-D39DA52F93E0}.Release|Any CPU.Build.0 = Release|Any CPU
		{C23164D2-F948-4B33-BC6B-896D9C960EEE}.Debug|Any CPU.ActiveCfg = Debug|Any CPU
		{C23164D2-F948-4B33-BC6B-896D9C960EEE}.Debug|Any CPU.Build.0 = Debug|Any CPU
		{C23164D2-F948-4B33-BC6B-896D9C960EEE}.Release|Any CPU.ActiveCfg = Release|Any CPU
		{C23164D2-F948-4B33-BC6B-896D9C960EEE}.Release|Any CPU.Build.0 = Release|Any CPU
	EndGlobalSection
	GlobalSection(SolutionProperties) = preSolution
		HideSolutionNode = FALSE
	EndGlobalSection
	GlobalSection(ExtensibilityGlobals) = postSolution
		SolutionGuid = {C512A7B1-36C7-4BA2-AD83-F592C500B0C9}
	EndGlobalSection
EndGlobal
